
Microsoft Visual Studio Solution File, Format Version 12.00
# Visual Studio Version 17
VisualStudioVersion = 17.1.32210.238
MinimumVisualStudioVersion = 10.0.40219.1
Project("{FAE04EC0-301F-11D3-BF4B-00C04F79EFBC}") = "Rest_API_With_ASP_NET", "Rest_API_With_ASP_NET\Rest_API_With_ASP_NET.csproj", "{70F9FE24-7B8E-4860-B204-725A7F64D214}"
EndProject
Global
	GlobalSection(SolutionConfigurationPlatforms) = preSolution
		Debug|Any CPU = Debug|Any CPU
		Release|Any CPU = Release|Any CPU
	EndGlobalSection
	GlobalSection(ProjectConfigurationPlatforms) = postSolution
		{70F9FE24-7B8E-4860-B204-725A7F64D214}.Debug|Any CPU.ActiveCfg = Debug|Any CPU
		{70F9FE24-7B8E-4860-B204-725A7F64D214}.Debug|Any CPU.Build.0 = Debug|Any CPU
		{70F9FE24-7B8E-4860-B204-725A7F64D214}.Release|Any CPU.ActiveCfg = Release|Any CPU
		{70F9FE24-7B8E-4860-B204-725A7F64D214}.Release|Any CPU.Build.0 = Release|Any CPU
	EndGlobalSection
	GlobalSection(SolutionProperties) = preSolution
		HideSolutionNode = FALSE
	EndGlobalSection
	GlobalSection(ExtensibilityGlobals) = postSolution
		SolutionGuid = {6C7E557D-D63D-4987-83EA-2D870A4B0B90}
	EndGlobalSection
EndGlobal
